
Microsoft Visual Studio Solution File, Format Version 12.00
# Visual Studio 14
VisualStudioVersion = 14.0.25420.1
MinimumVisualStudioVersion = 10.0.40219.1
Project("{8BC9CEB8-8B4A-11D0-8D11-00A0C91BC942}") = "HelloGitHub", "HelloGitHub\HelloGitHub.vcxproj", "{F2F2547F-BEAE-4B67-ADB6-776FADF855B3}"
EndProject
Project("{8BC9CEB8-8B4A-11D0-8D11-00A0C91BC942}") = "RandomEnemyGenerator", "RandomEnemyGenerator\RandomEnemyGenerator.vcxproj", "{A7D0AAE0-37D7-4117-B634-E3E46B37821E}"
EndProject
Project("{8BC9CEB8-8B4A-11D0-8D11-00A0C91BC942}") = "TheWalkingDead", "TheWalkingDead\TheWalkingDead.vcxproj", "{B9D90B71-57E3-4230-A1F9-B8788BCA211C}"
EndProject
Project("{8BC9CEB8-8B4A-11D0-8D11-00A0C91BC942}") = "DynArray", "DynArray\DynArray.vcxproj", "{82D88AB9-2B0C-4117-97B7-481CD9246450}"
EndProject
Project("{8BC9CEB8-8B4A-11D0-8D11-00A0C91BC942}") = "Testing", "Testing\Testing.vcxproj", "{11837303-1EA0-4F4D-8D14-679EE335BC75}"
EndProject
Project("{8BC9CEB8-8B4A-11D0-8D11-00A0C91BC942}") = "STLvector", "STLvector\STLvector.vcxproj", "{6DB37F24-B785-4789-A3E9-F24E9D2A4705}"
EndProject
Global
	GlobalSection(SolutionConfigurationPlatforms) = preSolution
		Debug|x64 = Debug|x64
		Debug|x86 = Debug|x86
		Release|x64 = Release|x64
		Release|x86 = Release|x86
	EndGlobalSection
	GlobalSection(ProjectConfigurationPlatforms) = postSolution
		{F2F2547F-BEAE-4B67-ADB6-776FADF855B3}.Debug|x64.ActiveCfg = Debug|x64
		{F2F2547F-BEAE-4B67-ADB6-776FADF855B3}.Debug|x64.Build.0 = Debug|x64
		{F2F2547F-BEAE-4B67-ADB6-776FADF855B3}.Debug|x86.ActiveCfg = Debug|Win32
		{F2F2547F-BEAE-4B67-ADB6-776FADF855B3}.Debug|x86.Build.0 = Debug|Win32
		{F2F2547F-BEAE-4B67-ADB6-776FADF855B3}.Release|x64.ActiveCfg = Release|x64
		{F2F2547F-BEAE-4B67-ADB6-776FADF855B3}.Release|x64.Build.0 = Release|x64
		{F2F2547F-BEAE-4B67-ADB6-776FADF855B3}.Release|x86.ActiveCfg = Release|Win32
		{F2F2547F-BEAE-4B67-ADB6-776FADF855B3}.Release|x86.Build.0 = Release|Win32
		{A7D0AAE0-37D7-4117-B634-E3E46B37821E}.Debug|x64.ActiveCfg = Debug|x64
		{A7D0AAE0-37D7-4117-B634-E3E46B37821E}.Debug|x64.Build.0 = Debug|x64
		{A7D0AAE0-37D7-4117-B634-E3E46B37821E}.Debug|x86.ActiveCfg = Debug|Win32
		{A7D0AAE0-37D7-4117-B634-E3E46B37821E}.Debug|x86.Build.0 = Debug|Win32
		{A7D0AAE0-37D7-4117-B634-E3E46B37821E}.Release|x64.ActiveCfg = Release|x64
		{A7D0AAE0-37D7-4117-B634-E3E46B37821E}.Release|x64.Build.0 = Release|x64
		{A7D0AAE0-37D7-4117-B634-E3E46B37821E}.Release|x86.ActiveCfg = Release|Win32
		{A7D0AAE0-37D7-4117-B634-E3E46B37821E}.Release|x86.Build.0 = Release|Win32
		{B9D90B71-57E3-4230-A1F9-B8788BCA211C}.Debug|x64.ActiveCfg = Debug|x64
		{B9D90B71-57E3-4230-A1F9-B8788BCA211C}.Debug|x64.Build.0 = Debug|x64
		{B9D90B71-57E3-4230-A1F9-B8788BCA211C}.Debug|x86.ActiveCfg = Debug|Win32
		{B9D90B71-57E3-4230-A1F9-B8788BCA211C}.Debug|x86.Build.0 = Debug|Win32
		{B9D90B71-57E3-4230-A1F9-B8788BCA211C}.Release|x64.ActiveCfg = Release|x64
		{B9D90B71-57E3-4230-A1F9-B8788BCA211C}.Release|x64.Build.0 = Release|x64
		{B9D90B71-57E3-4230-A1F9-B8788BCA211C}.Release|x86.ActiveCfg = Release|Win32
		{B9D90B71-57E3-4230-A1F9-B8788BCA211C}.Release|x86.Build.0 = Release|Win32
		{82D88AB9-2B0C-4117-97B7-481CD9246450}.Debug|x64.ActiveCfg = Debug|x64
		{82D88AB9-2B0C-4117-97B7-481CD9246450}.Debug|x64.Build.0 = Debug|x64
		{82D88AB9-2B0C-4117-97B7-481CD9246450}.Debug|x86.ActiveCfg = Debug|Win32
		{82D88AB9-2B0C-4117-97B7-481CD9246450}.Debug|x86.Build.0 = Debug|Win32
		{82D88AB9-2B0C-4117-97B7-481CD9246450}.Release|x64.ActiveCfg = Release|x64
		{82D88AB9-2B0C-4117-97B7-481CD9246450}.Release|x64.Build.0 = Release|x64
		{82D88AB9-2B0C-4117-97B7-481CD9246450}.Release|x86.ActiveCfg = Release|Win32
		{82D88AB9-2B0C-4117-97B7-481CD9246450}.Release|x86.Build.0 = Release|Win32
		{11837303-1EA0-4F4D-8D14-679EE335BC75}.Debug|x64.ActiveCfg = Debug|x64
		{11837303-1EA0-4F4D-8D14-679EE335BC75}.Debug|x64.Build.0 = Debug|x64
		{11837303-1EA0-4F4D-8D14-679EE335BC75}.Debug|x86.ActiveCfg = Debug|Win32
		{11837303-1EA0-4F4D-8D14-679EE335BC75}.Debug|x86.Build.0 = Debug|Win32
		{11837303-1EA0-4F4D-8D14-679EE335BC75}.Release|x64.ActiveCfg = Release|x64
		{11837303-1EA0-4F4D-8D14-679EE335BC75}.Release|x64.Build.0 = Release|x64
		{11837303-1EA0-4F4D-8D14-679EE335BC75}.Release|x86.ActiveCfg = Release|Win32
		{11837303-1EA0-4F4D-8D14-679EE335BC75}.Release|x86.Build.0 = Release|Win32
		{6DB37F24-B785-4789-A3E9-F24E9D2A4705}.Debug|x64.ActiveCfg = Debug|x64
		{6DB37F24-B785-4789-A3E9-F24E9D2A4705}.Debug|x64.Build.0 = Debug|x64
		{6DB37F24-B785-4789-A3E9-F24E9D2A4705}.Debug|x86.ActiveCfg = Debug|Win32
		{6DB37F24-B785-4789-A3E9-F24E9D2A4705}.Debug|x86.Build.0 = Debug|Win32
		{6DB37F24-B785-4789-A3E9-F24E9D2A4705}.Release|x64.ActiveCfg = Release|x64
		{6DB37F24-B785-4789-A3E9-F24E9D2A4705}.Release|x64.Build.0 = Release|x64
		{6DB37F24-B785-4789-A3E9-F24E9D2A4705}.Release|x86.ActiveCfg = Release|Win32
		{6DB37F24-B785-4789-A3E9-F24E9D2A4705}.Release|x86.Build.0 = Release|Win32
	EndGlobalSection
	GlobalSection(SolutionProperties) = preSolution
		HideSolutionNode = FALSE
	EndGlobalSection
EndGlobal
